{
  "lockfileVersion": 1,
  "configVersion": 1,
  "workspaces": {
    "": {
      "name": "src-bun",
      "dependencies": {
        "tauri-plugin-tauribun": "^0.1.0",
        "zod": "^4.5.4",
      },
      "devDependencies": {
        "@types/bun": "latest",
      },
      "peerDependencies": {
        "typescript": "^5",
      },
    },
  },
  "packages": {
    "@logtape/logtape": ["@logtape/logtape@2.3.3", "", {}, "sha512-H8AqgCq6M6Wu97FVPyfE5UT4w6H+Wdt9iGzLKPgtJRI/jrG9HbzzNUw9JL1LarkZD8xeKx9FqKfcLaXr0hGJuw=="],

    "@orpc/client": ["@orpc/client@1.13.4", "", { "dependencies": { "@orpc/shared": "1.13.4", "@orpc/standard-server": "1.13.4", "@orpc/standard-server-fetch": "1.13.4", "@orpc/standard-server-peer": "1.13.4" } }, "sha512-s13GPMeoooJc5Th2EaYT5HMFtWG8S03DUVytYfJv8pIhP87RYKl94w52A36denH6r/B4LaAgBeC9nTAOslK+Og=="],

    "@orpc/contract": ["@orpc/contract@1.15.0", "", { "dependencies": { "@orpc/client": "1.15.0", "@orpc/shared": "1.15.0", "@standard-schema/spec": "^1.1.0", "openapi-types": "^12.1.3" } }, "sha512-zo8+x+5iqnIMrFdcj+ibVgn6dJneWzLNcD3kZQxrJFGFNAFoxvZbwryR5wOdcHkaSCeS3N7Ib2NydU6pihSYmg=="],

    "@orpc/interop": ["@orpc/interop@1.15.0", "", {}, "sha512-Ah48o/rc00rN1yP5HcaoVsDCjdUhoh3JP1VibBbvwijhGvdOwRwiw5RWiGu442GSKcrPt9etAGhWXH88q8C3ww=="],

    "@orpc/server": ["@orpc/server@1.15.0", "", { "dependencies": { "@orpc/client": "1.15.0", "@orpc/contract": "1.15.0", "@orpc/interop": "1.15.0", "@orpc/shared": "1.15.0", "@orpc/standard-server": "1.15.0", "@orpc/standard-server-aws-lambda": "1.15.0", "@orpc/standard-server-fastify": "1.15.0", "@orpc/standard-server-fetch": "1.15.0", "@orpc/standard-server-node": "1.15.0", "@orpc/standard-server-peer": "1.15.0", "cookie": "^1.1.1" }, "peerDependencies": { "crossws": ">=0.3.4", "ws": ">=8.18.1" }, "optionalPeers": ["crossws", "ws"] }, "sha512-l9FnL1MjQ8g77mB10/8D61okuKHLJBWhuwmd6OF65POHzBF177kMCcbHvRFEqUuxSbzP2eNiZGf3kXPMHmIKiQ=="],

    "@orpc/shared": ["@orpc/shared@1.13.4", "", { "dependencies": { "radash": "^12.1.1", "type-fest": "^5.3.1" }, "peerDependencies": { "@opentelemetry/api": ">=1.9.0" }, "optionalPeers": ["@opentelemetry/api"] }, "sha512-TYt9rLG/BUkNQBeQ6C1tEiHS/Seb8OojHgj9GlvqyjHJhMZx5qjsIyTW6RqLPZJ4U2vgK6x4Her36+tlFCKJug=="],

    "@orpc/standard-server": ["@orpc/standard-server@1.13.4", "", { "dependencies": { "@orpc/shared": "1.13.4" } }, "sha512-ZOzgfVp6XUg+wVYw+gqesfRfGPtQbnBIrIiSnFMtZF+6ncmFJeF2Shc4RI2Guqc0Qz25juy8Ogo4tX3YqysOcg=="],

    "@orpc/standard-server-aws-lambda": ["@orpc/standard-server-aws-lambda@1.15.0", "", { "dependencies": { "@orpc/shared": "1.15.0", "@orpc/standard-server": "1.15.0", "@orpc/standard-server-fetch": "1.15.0", "@orpc/standard-server-node": "1.15.0" } }, "sha512-laFW7C4t1gEV0NIt4EjCVCBU3kFPnj2FObJLQkTH+DkEOzxVy6zyJ1coIncDSeOPxzbf7rG8cs0B2vQQyuROag=="],

    "@orpc/standard-server-fastify": ["@orpc/standard-server-fastify@1.15.0", "", { "dependencies": { "@orpc/shared": "1.15.0", "@orpc/standard-server": "1.15.0", "@orpc/standard-server-node": "1.15.0" }, "peerDependencies": { "fastify": ">=5.6.1" }, "optionalPeers": ["fastify"] }, "sha512-fcOl2004o3RnZxW7rhLuDCrCKSi/H2eWnyljeeoY+xykcygRf0ONCs2K2bSdxPm6cmvQGAXa9m8VBglG9oERVQ=="],

    "@orpc/standard-server-fetch": ["@orpc/standard-server-fetch@1.13.4", "", { "dependencies": { "@orpc/shared": "1.13.4", "@orpc/standard-server": "1.13.4" } }, "sha512-/zmKwnuxfAXbppJpgr1CMnQX3ptPlYcDzLz1TaVzz9VG/Xg58Ov3YhabS2Oi1utLVhy5t4kaCppUducAvoKN+A=="],

    "@orpc/standard-server-node": ["@orpc/standard-server-node@1.15.0", "", { "dependencies": { "@orpc/shared": "1.15.0", "@orpc/standard-server": "1.15.0", "@orpc/standard-server-fetch": "1.15.0" } }, "sha512-3ye9SIIhYfJckQwyyGQQRHAEF5vW6QDbax7oi1mOQ9UBHaRDH5kcL28mT0JnETrUvgBoDRx+rfCsQaAOB4n3zw=="],

    "@orpc/standard-server-peer": ["@orpc/standard-server-peer@1.13.4", "", { "dependencies": { "@orpc/shared": "1.13.4", "@orpc/standard-server": "1.13.4" } }, "sha512-UfqnTLqevjCKUk4cmImOG8cQUwANpV1dp9e9u2O1ki6BRBsg/zlXFg6G2N6wP0zr9ayIiO1d2qJdH55yl/1BNw=="],

    "@standard-schema/spec": ["@standard-schema/spec@1.1.0", "", {}, "sha512-l2aFy5jALhniG5HgqrD6jXLi/rUWrKvqN/qJx6yoJsgKhblVd+iqqU4RCXavm/jPityDo5TCvKMnpjKnOriy0w=="],

    "@tauri-apps/api": ["@tauri-apps/api@2.11.1", "", {}, "sha512-M2FPuYND2m+wh5hfW9ZpSdxMPdEJovPBWwoHJmwUpysTYNHaOkVFN419m/K0LIgjb/7KU2vBgsUepJWugQCvAA=="],

    "@types/bun": ["@types/bun@1.4.1", "", { "dependencies": { "bun-types": "1.4.1" } }, "sha512-0AVGiTXGajf1rgKom3N+c5L7CBxuoyyv1i44M0nX4UDK0G/fnRAMiri93nHuVPIb429KKtAgj7HatVmmOjeQLA=="],

    "@types/node": ["@types/node@26.4.1", "", { "dependencies": { "undici-types": "~8.3.0" } }, "sha512-k97ENvZWtvA6yqz5/FS6a7duDgOPEeOQOc2iKS/nY6mX6qJUKtLnWzQS+Xj6tXweyj6ZcTAK2Qecetnvi9nCLA=="],

    "bun-types": ["bun-types@1.4.1", "", { "dependencies": { "@types/node": "*" } }, "sha512-loKuVrAFZKfEv+JvWkHRS9GW5IqLuLRjVXN9p+vZvBN86O5hf/pBZQ5hSoyipsrMmWObZBDvWnlmKvjKTM0PdA=="],

    "cookie": ["cookie@1.1.1", "", {}, "sha512-ei8Aos7ja0weRpFzJnEA9UHJ/7XQmqglbRwnf2ATjcB9Wq874VKH9kfjjirM6UhU2/E5fFYadylyhFldcqSidQ=="],

    "openapi-types": ["openapi-types@12.1.3", "", {}, "sha512-N4YtSYJqghVu4iek2ZUvcN/0aqH1kRDuNqzcycDxhOUpg7GdvLa2F3DgS6yBNhInhv2r/6I0Flkn7CqL8+nIcw=="],

    "orpc-adapter-stdio": ["orpc-adapter-stdio@0.0.1", "", { "peerDependencies": { "@orpc/client": "^1.8.0", "@orpc/server": "^1.8.0" } }, "sha512-9WyCNZT/v9jcVhKbiCs44WeGQOUfKr9VfACzjzWBcUbfe9yD1meYAX2nkHsWWlyLiM+MJvCY7LreYtZSKjsnFQ=="],

    "radash": ["radash@12.1.1", "", {}, "sha512-h36JMxKRqrAxVD8201FrCpyeNuUY9Y5zZwujr20fFO77tpUtGa6EZzfKw/3WaiBX95fq7+MpsuMLNdSnORAwSA=="],

    "tagged-tag": ["tagged-tag@1.0.0", "", {}, "sha512-yEFYrVhod+hdNyx7g5Bnkkb0G6si8HJurOoOEgC8B/O0uXLHlaey/65KRv6cuWBNhBgHKAROVpc7QyYqE5gFng=="],

    "tauri-plugin-tauribun": ["tauri-plugin-tauribun@0.1.0", "", { "dependencies": { "@logtape/logtape": "^2.0.1", "@orpc/client": "1.13.4", "@tauri-apps/api": "^2.0.0", "orpc-adapter-stdio": "0.0.1" }, "peerDependencies": { "@orpc/server": ">=1.13.0", "zod": "^3.25.0 || ^4.0.0" } }, "sha512-0ZscqcE3IpeYZjQRUXuW9qmFKBnwAeqU/L5UlrVrvQ7pdHWJzX/gOC9idXxg7HbS1ewKbBlUsHZwwek9/pcW9w=="],

    "type-fest": ["type-fest@5.9.0", "", { "dependencies": { "tagged-tag": "^1.0.0" } }, "sha512-yANm3Jr3GiJ1qgJlxGAVxTOIcEOk1rhQHamlXtnrCK7EHP4HeM9OGxtMg/W7HFdrVzw/ZWJKGVIJusVH85sLtw=="],

    "typescript": ["typescript@5.9.3", "", { "bin": { "tsc": "bin/tsc", "tsserver": "bin/tsserver" } }, "sha512-jl1vZzPDinLr9eUt3J/t7V6FgNEw9QjvBPdysz9KfQDD41fQrC2Y4vKQdiaUpFT4bXlb1RHhLpp8wtm6M5TgSw=="],

    "undici-types": ["undici-types@8.3.0", "", {}, "sha512-j375ScV60dom+YkPFIfTLcOiPxkN/buHz5GobjLhixFuANaNs3C9l4GmrWqejgXWJ7BbJcFYpTEUkS1Ge8bpZQ=="],

    "zod": ["zod@4.5.4", "", {}, "sha512-sC95tT5iHHH9gtpj6A81kh+NEaRAUFN+qlUPDUbRfOMvNf5QCBqsb3WgvnpVtK5Y+4UfA6KqufotuTvMGiTlsA=="],

    "@orpc/contract/@orpc/client": ["@orpc/client@1.15.0", "", { "dependencies": { "@orpc/shared": "1.15.0", "@orpc/standard-server": "1.15.0", "@orpc/standard-server-fetch": "1.15.0", "@orpc/standard-server-peer": "1.15.0" } }, "sha512-Qt0FdPSGySdQwy83iUWOq+Iqhw2gM9qHtyxfBbcw1mwOz1s4O2BwUFA3ymVTLIRRNYRgPrQLaBZhp8CacqeePg=="],

    "@orpc/contract/@orpc/shared": ["@orpc/shared@1.15.0", "", { "dependencies": { "radash": "^12.1.1", "type-fest": "^5.4.4" }, "peerDependencies": { "@opentelemetry/api": ">=1.9.0" }, "optionalPeers": ["@opentelemetry/api"] }, "sha512-A3/JE7pQYSrrRm6/WYJxV3GBhpMdJRPM3h47slQtWBUZe9Sao5En5WBc4tISGQNP2emcez6qIvDziSgD2T+img=="],

    "@orpc/server/@orpc/client": ["@orpc/client@1.15.0", "", { "dependencies": { "@orpc/shared": "1.15.0", "@orpc/standard-server": "1.15.0", "@orpc/standard-server-fetch": "1.15.0", "@orpc/standard-server-peer": "1.15.0" } }, "sha512-Qt0FdPSGySdQwy83iUWOq+Iqhw2gM9qHtyxfBbcw1mwOz1s4O2BwUFA3ymVTLIRRNYRgPrQLaBZhp8CacqeePg=="],

    "@orpc/server/@orpc/shared": ["@orpc/shared@1.15.0", "", { "dependencies": { "radash": "^12.1.1", "type-fest": "^5.4.4" }, "peerDependencies": { "@opentelemetry/api": ">=1.9.0" }, "optionalPeers": ["@opentelemetry/api"] }, "sha512-A3/JE7pQYSrrRm6/WYJxV3GBhpMdJRPM3h47slQtWBUZe9Sao5En5WBc4tISGQNP2emcez6qIvDziSgD2T+img=="],

    "@orpc/server/@orpc/standard-server": ["@orpc/standard-server@1.15.0", "", { "dependencies": { "@orpc/shared": "1.15.0" } }, "sha512-bje/xn6thDqJY/JQ7xoOjmD1KWE4FsyZOPgnPxwqTZLx/r00stRhLuFvk1hDEGj9UlG7NLZEijDVx0wqvcyDzA=="],

    "@orpc/server/@orpc/standard-server-fetch": ["@orpc/standard-server-fetch@1.15.0", "", { "dependencies": { "@orpc/shared": "1.15.0", "@orpc/standard-server": "1.15.0" } }, "sha512-XYVfgmIt71YrPJSI7RKRiNWjcyktPYHpevkjeohGNBP5aSMAUL95quZArAWr+XOPp4U56XRao54I6wFMZa4How=="],

    "@orpc/server/@orpc/standard-server-peer": ["@orpc/standard-server-peer@1.15.0", "", { "dependencies": { "@orpc/shared": "1.15.0", "@orpc/standard-server": "1.15.0" } }, "sha512-fsTN+FrdPkseVx99yRenGJYSp0xOrEk9fODk8oh3zzricNYzlZ8GGgCYtDNgt9vFIR/J05dc+Nk76KhcPBQpLw=="],

    "@orpc/standard-server-aws-lambda/@orpc/shared": ["@orpc/shared@1.15.0", "", { "dependencies": { "radash": "^12.1.1", "type-fest": "^5.4.4" }, "peerDependencies": { "@opentelemetry/api": ">=1.9.0" }, "optionalPeers": ["@opentelemetry/api"] }, "sha512-A3/JE7pQYSrrRm6/WYJxV3GBhpMdJRPM3h47slQtWBUZe9Sao5En5WBc4tISGQNP2emcez6qIvDziSgD2T+img=="],

    "@orpc/standard-server-aws-lambda/@orpc/standard-server": ["@orpc/standard-server@1.15.0", "", { "dependencies": { "@orpc/shared": "1.15.0" } }, "sha512-bje/xn6thDqJY/JQ7xoOjmD1KWE4FsyZOPgnPxwqTZLx/r00stRhLuFvk1hDEGj9UlG7NLZEijDVx0wqvcyDzA=="],

    "@orpc/standard-server-aws-lambda/@orpc/standard-server-fetch": ["@orpc/standard-server-fetch@1.15.0", "", { "dependencies": { "@orpc/shared": "1.15.0", "@orpc/standard-server": "1.15.0" } }, "sha512-XYVfgmIt71YrPJSI7RKRiNWjcyktPYHpevkjeohGNBP5aSMAUL95quZArAWr+XOPp4U56XRao54I6wFMZa4How=="],

    "@orpc/standard-server-fastify/@orpc/shared": ["@orpc/shared@1.15.0", "", { "dependencies": { "radash": "^12.1.1", "type-fest": "^5.4.4" }, "peerDependencies": { "@opentelemetry/api": ">=1.9.0" }, "optionalPeers": ["@opentelemetry/api"] }, "sha512-A3/JE7pQYSrrRm6/WYJxV3GBhpMdJRPM3h47slQtWBUZe9Sao5En5WBc4tISGQNP2emcez6qIvDziSgD2T+img=="],

    "@orpc/standard-server-fastify/@orpc/standard-server": ["@orpc/standard-server@1.15.0", "", { "dependencies": { "@orpc/shared": "1.15.0" } }, "sha512-bje/xn6thDqJY/JQ7xoOjmD1KWE4FsyZOPgnPxwqTZLx/r00stRhLuFvk1hDEGj9UlG7NLZEijDVx0wqvcyDzA=="],

    "@orpc/standard-server-node/@orpc/shared": ["@orpc/shared@1.15.0", "", { "dependencies": { "radash": "^12.1.1", "type-fest": "^5.4.4" }, "peerDependencies": { "@opentelemetry/api": ">=1.9.0" }, "optionalPeers": ["@opentelemetry/api"] }, "sha512-A3/JE7pQYSrrRm6/WYJxV3GBhpMdJRPM3h47slQtWBUZe9Sao5En5WBc4tISGQNP2emcez6qIvDziSgD2T+img=="],

    "@orpc/standard-server-node/@orpc/standard-server": ["@orpc/standard-server@1.15.0", "", { "dependencies": { "@orpc/shared": "1.15.0" } }, "sha512-bje/xn6thDqJY/JQ7xoOjmD1KWE4FsyZOPgnPxwqTZLx/r00stRhLuFvk1hDEGj9UlG7NLZEijDVx0wqvcyDzA=="],

    "@orpc/standard-server-node/@orpc/standard-server-fetch": ["@orpc/standard-server-fetch@1.15.0", "", { "dependencies": { "@orpc/shared": "1.15.0", "@orpc/standard-server": "1.15.0" } }, "sha512-XYVfgmIt71YrPJSI7RKRiNWjcyktPYHpevkjeohGNBP5aSMAUL95quZArAWr+XOPp4U56XRao54I6wFMZa4How=="],

    "@orpc/contract/@orpc/client/@orpc/standard-server": ["@orpc/standard-server@1.15.0", "", { "dependencies": { "@orpc/shared": "1.15.0" } }, "sha512-bje/xn6thDqJY/JQ7xoOjmD1KWE4FsyZOPgnPxwqTZLx/r00stRhLuFvk1hDEGj9UlG7NLZEijDVx0wqvcyDzA=="],

    "@orpc/contract/@orpc/client/@orpc/standard-server-fetch": ["@orpc/standard-server-fetch@1.15.0", "", { "dependencies": { "@orpc/shared": "1.15.0", "@orpc/standard-server": "1.15.0" } }, "sha512-XYVfgmIt71YrPJSI7RKRiNWjcyktPYHpevkjeohGNBP5aSMAUL95quZArAWr+XOPp4U56XRao54I6wFMZa4How=="],

    "@orpc/contract/@orpc/client/@orpc/standard-server-peer": ["@orpc/standard-server-peer@1.15.0", "", { "dependencies": { "@orpc/shared": "1.15.0", "@orpc/standard-server": "1.15.0" } }, "sha512-fsTN+FrdPkseVx99yRenGJYSp0xOrEk9fODk8oh3zzricNYzlZ8GGgCYtDNgt9vFIR/J05dc+Nk76KhcPBQpLw=="],
  }
}
